
Microsoft Visual Studio Solution File, Format Version 12.00
# Visual Studio Version 16
VisualStudioVersion = 16.0.31624.102
MinimumVisualStudioVersion = 10.0.40219.1
Project("{FAE04EC0-301F-11D3-BF4B-00C04F79EFBC}") = "myproject2", "myproject2\myproject2.csproj", "{06C5FB3D-B556-4D49-A918-D1591B792B91}"
EndProject
Global
	GlobalSection(SolutionConfigurationPlatforms) = preSolution
		Debug|Any CPU = Debug|Any CPU
		Release|Any CPU = Release|Any CPU
	EndGlobalSection
	GlobalSection(ProjectConfigurationPlatforms) = postSolution
		{06C5FB3D-B556-4D49-A918-D1591B792B91}.Debug|Any CPU.ActiveCfg = Debug|Any CPU
		{06C5FB3D-B556-4D49-A918-D1591B792B91}.Debug|Any CPU.Build.0 = Debug|Any CPU
		{06C5FB3D-B556-4D49-A918-D1591B792B91}.Release|Any CPU.ActiveCfg = Release|Any CPU
		{06C5FB3D-B556-4D49-A918-D1591B792B91}.Release|Any CPU.Build.0 = Release|Any CPU
	EndGlobalSection
	GlobalSection(SolutionProperties) = preSolution
		HideSolutionNode = FALSE
	EndGlobalSection
	GlobalSection(ExtensibilityGlobals) = postSolution
		SolutionGuid = {886F2BAB-83FC-4FCF-A4CD-419707A13D3B}
	EndGlobalSection
EndGlobal
